{
  "name": "godot-kit",
  "version": "1.0.1776332945",
  "lockfileVersion": 3,
  "requires": true,
  "packages": {
    "": {
      "name": "godot-kit",
      "version": "1.0.1776332945",
      "license": "MIT",
      "bin": {
        "godot-kit": "bin/install.js"
      },
      "engines": {
        "node": ">=18.0.0"
      }
    }
  }
}
